// !$*UTF8*$!
{
	archiveVersion = 1;
	classes = {
	};
	objectVersion = 55;
	objects = {

/* Begin PBXBuildFile section */
		7F6455F627BD4BAD00A9E4B6 /* SwiftArmyKnifeApp.swift in Sources */ = {isa = PBXBuildFile; fileRef = 7F6455F527BD4BAD00A9E4B6 /* SwiftArmyKnifeApp.swift */; };
		7F6455F827BD4BAD00A9E4B6 /* Home.swift in Sources */ = {isa = PBXBuildFile; fileRef = 7F6455F727BD4BAD00A9E4B6 /* Home.swift */; };
		7F6455FA27BD4BAF00A9E4B6 /* Assets.xcassets in Resources */ = {isa = PBXBuildFile; fileRef = 7F6455F927BD4BAF00A9E4B6 /* Assets.xcassets */; };
		7F6455FD27BD4BAF00A9E4B6 /* Preview Assets.xcassets in Resources */ = {isa = PBXBuildFile; fileRef = 7F6455FC27BD4BAF00A9E4B6 /* Preview Assets.xcassets */; };
		7F64560827BD540300A9E4B6 /* ImageFetcher.swift in Sources */ = {isa = PBXBuildFile; fileRef = 7F64560727BD540300A9E4B6 /* ImageFetcher.swift */; };
		7F64560A27BD54EA00A9E4B6 /* ImageFetcherModel.swift in Sources */ = {isa = PBXBuildFile; fileRef = 7F64560927BD54EA00A9E4B6 /* ImageFetcherModel.swift */; };
		7F64560D27BE9CE300A9E4B6 /* PokeDex.swift in Sources */ = {isa = PBXBuildFile; fileRef = 7F64560C27BE9CE300A9E4B6 /* PokeDex.swift */; };
		7F64560F27BE9CFF00A9E4B6 /* PokeDexModel.swift in Sources */ = {isa = PBXBuildFile; fileRef = 7F64560E27BE9CFF00A9E4B6 /* PokeDexModel.swift */; };
		7F64561127BE9D9E00A9E4B6 /* Pokemon.swift in Sources */ = {isa = PBXBuildFile; fileRef = 7F64561027BE9D9E00A9E4B6 /* Pokemon.swift */; };
/* End PBXBuildFile section */

/* Begin PBXFileReference section */
		7F6455F227BD4BAD00A9E4B6 /* SwiftArmyKnife.app */ = {isa = PBXFileReference; explicitFileType = wrapper.application; includeInIndex = 0; path = SwiftArmyKnife.app; sourceTree = BUILT_PRODUCTS_DIR; };
		7F6455F527BD4BAD00A9E4B6 /* SwiftArmyKnifeApp.swift */ = {isa = PBXFileReference; lastKnownFileType = sourcecode.swift; path = SwiftArmyKnifeApp.swift; sourceTree = "<group>"; };
		7F6455F727BD4BAD00A9E4B6 /* Home.swift */ = {isa = PBXFileReference; lastKnownFileType = sourcecode.swift; path = Home.swift; sourceTree = "<group>"; };
		7F6455F927BD4BAF00A9E4B6 /* Assets.xcassets */ = {isa = PBXFileReference; lastKnownFileType = folder.assetcatalog; path = Assets.xcassets; sourceTree = "<group>"; };
		7F6455FC27BD4BAF00A9E4B6 /* Preview Assets.xcassets */ = {isa = PBXFileReference; lastKnownFileType = folder.assetcatalog; path = "Preview Assets.xcassets"; sourceTree = "<group>"; };
		7F64560727BD540300A9E4B6 /* ImageFetcher.swift */ = {isa = PBXFileReference; lastKnownFileType = sourcecode.swift; path = ImageFetcher.swift; sourceTree = "<group>"; };
		7F64560927BD54EA00A9E4B6 /* ImageFetcherModel.swift */ = {isa = PBXFileReference; lastKnownFileType = sourcecode.swift; path = ImageFetcherModel.swift; sourceTree = "<group>"; };
		7F64560C27BE9CE300A9E4B6 /* PokeDex.swift */ = {isa = PBXFileReference; lastKnownFileType = sourcecode.swift; path = PokeDex.swift; sourceTree = "<group>"; };
		7F64560E27BE9CFF00A9E4B6 /* PokeDexModel.swift */ = {isa = PBXFileReference; lastKnownFileType = sourcecode.swift; path = PokeDexModel.swift; sourceTree = "<group>"; };
		7F64561027BE9D9E00A9E4B6 /* Pokemon.swift */ = {isa = PBXFileReference; lastKnownFileType = sourcecode.swift; path = Pokemon.swift; sourceTree = "<group>"; };
/* End PBXFileReference section */

/* Begin PBXFrameworksBuildPhase section */
		7F6455EF27BD4BAD00A9E4B6 /* Frameworks */ = {
			isa = PBXFrameworksBuildPhase;
			buildActionMask = 2147483647;
			files = (
			);
			runOnlyForDeploymentPostprocessing = 0;
		};
/* End PBXFrameworksBuildPhase section */

/* Begin PBXGroup section */
		7F6455E927BD4BAD00A9E4B6 = {
			isa = PBXGroup;
			children = (
				7F6455F427BD4BAD00A9E4B6 /* SwiftArmyKnife */,
				7F6455F327BD4BAD00A9E4B6 /* Products */,
			);
			sourceTree = "<group>";
		};
		7F6455F327BD4BAD00A9E4B6 /* Products */ = {
			isa = PBXGroup;
			children = (
				7F6455F227BD4BAD00A9E4B6 /* SwiftArmyKnife.app */,
			);
			name = Products;
			sourceTree = "<group>";
		};
		7F6455F427BD4BAD00A9E4B6 /* SwiftArmyKnife */ = {
			isa = PBXGroup;
			children = (
				7F6455FB27BD4BAF00A9E4B6 /* Preview Content */,
				7F64560327BD536900A9E4B6 /* Resources */,
				7F6455F527BD4BAD00A9E4B6 /* SwiftArmyKnifeApp.swift */,
				7F6455F727BD4BAD00A9E4B6 /* Home.swift */,
				7F64560427BD539800A9E4B6 /* ImageFetch */,
			);
			path = SwiftArmyKnife;
			sourceTree = "<group>";
		};
		7F6455FB27BD4BAF00A9E4B6 /* Preview Content */ = {
			isa = PBXGroup;
			children = (
				7F64560B27BE9CBD00A9E4B6 /* PokeDex */,
				7F6455FC27BD4BAF00A9E4B6 /* Preview Assets.xcassets */,
			);
			path = "Preview Content";
			sourceTree = "<group>";
		};
		7F64560327BD536900A9E4B6 /* Resources */ = {
			isa = PBXGroup;
			children = (
				7F6455F927BD4BAF00A9E4B6 /* Assets.xcassets */,
			);
			path = Resources;
			sourceTree = "<group>";
		};
		7F64560427BD539800A9E4B6 /* ImageFetch */ = {
			isa = PBXGroup;
			children = (
				7F64560727BD540300A9E4B6 /* ImageFetcher.swift */,
				7F64560927BD54EA00A9E4B6 /* ImageFetcherModel.swift */,
			);
			path = ImageFetch;
			sourceTree = "<group>";
		};
		7F64560B27BE9CBD00A9E4B6 /* PokeDex */ = {
			isa = PBXGroup;
			children = (
				7F64560C27BE9CE300A9E4B6 /* PokeDex.swift */,
				7F64560E27BE9CFF00A9E4B6 /* PokeDexModel.swift */,
				7F64561027BE9D9E00A9E4B6 /* Pokemon.swift */,
			);
			path = PokeDex;
			sourceTree = "<group>";
		};
/* End PBXGroup section */

/* Begin PBXNativeTarget section */
		7F6455F127BD4BAD00A9E4B6 /* SwiftArmyKnife */ = {
			isa = PBXNativeTarget;
			buildConfigurationList = 7F64560027BD4BAF00A9E4B6 /* Build configuration list for PBXNativeTarget "SwiftArmyKnife" */;
			buildPhases = (
				7F6455EE27BD4BAD00A9E4B6 /* Sources */,
				7F6455EF27BD4BAD00A9E4B6 /* Frameworks */,
				7F6455F027BD4BAD00A9E4B6 /* Resources */,
			);
			buildRules = (
			);
			dependencies = (
			);
			name = SwiftArmyKnife;
			productName = SwiftArmyKnife;
			productReference = 7F6455F227BD4BAD00A9E4B6 /* SwiftArmyKnife.app */;
			productType = "com.apple.product-type.application";
		};
/* End PBXNativeTarget section */

/* Begin PBXProject section */
		7F6455EA27BD4BAD00A9E4B6 /* Project object */ = {
			isa = PBXProject;
			attributes = {
				BuildIndependentTargetsInParallel = 1;
				LastSwiftUpdateCheck = 1320;
				LastUpgradeCheck = 1320;
				TargetAttributes = {
					7F6455F127BD4BAD00A9E4B6 = {
						CreatedOnToolsVersion = 13.2.1;
					};
				};
			};
			buildConfigurationList = 7F6455ED27BD4BAD00A9E4B6 /* Build configuration list for PBXProject "SwiftArmyKnife" */;
			compatibilityVersion = "Xcode 13.0";
			developmentRegion = en;
			hasScannedForEncodings = 0;
			knownRegions = (
				en,
				Base,
			);
			mainGroup = 7F6455E927BD4BAD00A9E4B6;
			productRefGroup = 7F6455F327BD4BAD00A9E4B6 /* Products */;
			projectDirPath = "";
			projectRoot = "";
			targets = (
				7F6455F127BD4BAD00A9E4B6 /* SwiftArmyKnife */,
			);
		};
/* End PBXProject section */

/* Begin PBXResourcesBuildPhase section */
		7F6455F027BD4BAD00A9E4B6 /* Resources */ = {
			isa = PBXResourcesBuildPhase;
			buildActionMask = 2147483647;
			files = (
				7F6455FD27BD4BAF00A9E4B6 /* Preview Assets.xcassets in Resources */,
				7F6455FA27BD4BAF00A9E4B6 /* Assets.xcassets in Resources */,
			);
			runOnlyForDeploymentPostprocessing = 0;
		};
/* End PBXResourcesBuildPhase section */

/* Begin PBXSourcesBuildPhase section */
		7F6455EE27BD4BAD00A9E4B6 /* Sources */ = {
			isa = PBXSourcesBuildPhase;
			buildActionMask = 2147483647;
			files = (
				7F64561127BE9D9E00A9E4B6 /* Pokemon.swift in Sources */,
				7F64560827BD540300A9E4B6 /* ImageFetcher.swift in Sources */,
				7F6455F827BD4BAD00A9E4B6 /* Home.swift in Sources */,
				7F64560D27BE9CE300A9E4B6 /* PokeDex.swift in Sources */,
				7F6455F627BD4BAD00A9E4B6 /* SwiftArmyKnifeApp.swift in Sources */,
				7F64560F27BE9CFF00A9E4B6 /* PokeDexModel.swift in Sources */,
				7F64560A27BD54EA00A9E4B6 /* ImageFetcherModel.swift in Sources */,
			);
			runOnlyForDeploymentPostprocessing = 0;
		};
/* End PBXSourcesBuildPhase section */

/* Begin XCBuildConfiguration section */
		7F6455FE27BD4BAF00A9E4B6 /* Debug */ = {
			isa = XCBuildConfiguration;
			buildSettings = {
				ALWAYS_SEARCH_USER_PATHS = NO;
				CLANG_ANALYZER_NONNULL = YES;
				CLANG_ANALYZER_NUMBER_OBJECT_CONVERSION = YES_AGGRESSIVE;
				CLANG_CXX_LANGUAGE_STANDARD = "gnu++17";
				CLANG_CXX_LIBRARY = "libc++";
				CLANG_ENABLE_MODULES = YES;
				CLANG_ENABLE_OBJC_ARC = YES;
				CLANG_ENABLE_OBJC_WEAK = YES;
				CLANG_WARN_BLOCK_CAPTURE_AUTORELEASING = YES;
				CLANG_WARN_BOOL_CONVERSION = YES;
				CLANG_WARN_COMMA = YES;
				CLANG_WARN_CONSTANT_CONVERSION = YES;
				CLANG_WARN_DEPRECATED_OBJC_IMPLEMENTATIONS = YES;
				CLANG_WARN_DIRECT_OBJC_ISA_USAGE = YES_ERROR;
				CLANG_WARN_DOCUMENTATION_COMMENTS = YES;
				CLANG_WARN_EMPTY_BODY = YES;
				CLANG_WARN_ENUM_CONVERSION = YES;
				CLANG_WARN_INFINITE_RECURSION = YES;
				CLANG_WARN_INT_CONVERSION = YES;
				CLANG_WARN_NON_LITERAL_NULL_CONVERSION = YES;
				CLANG_WARN_OBJC_IMPLICIT_RETAIN_SELF = YES;
				CLANG_WARN_OBJC_LITERAL_CONVERSION = YES;
				CLANG_WARN_OBJC_ROOT_CLASS = YES_ERROR;
				CLANG_WARN_QUOTED_INCLUDE_IN_FRAMEWORK_HEADER = YES;
				CLANG_WARN_RANGE_LOOP_ANALYSIS = YES;
				CLANG_WARN_STRICT_PROTOTYPES = YES;
				CLANG_WARN_SUSPICIOUS_MOVE = YES;
				CLANG_WARN_UNGUARDED_AVAILABILITY = YES_AGGRESSIVE;
				CLANG_WARN_UNREACHABLE_CODE = YES;
				CLANG_WARN__DUPLICATE_METHOD_MATCH = YES;
				COPY_PHASE_STRIP = NO;
				DEBUG_INFORMATION_FORMAT = dwarf;
				ENABLE_STRICT_OBJC_MSGSEND = YES;
				ENABLE_TESTABILITY = YES;
				GCC_C_LANGUAGE_STANDARD = gnu11;
				GCC_DYNAMIC_NO_PIC = NO;
				GCC_NO_COMMON_BLOCKS = YES;
				GCC_OPTIMIZATION_LEVEL = 0;
				GCC_PREPROCESSOR_DEFINITIONS = (
					"DEBUG=1",
					"$(inherited)",
				);
				GCC_WARN_64_TO_32_BIT_CONVERSION = YES;
				GCC_WARN_ABOUT_RETURN_TYPE = YES_ERROR;
				GCC_WARN_UNDECLARED_SELECTOR = YES;
				GCC_WARN_UNINITIALIZED_AUTOS = YES_AGGRESSIVE;
				GCC_WARN_UNUSED_FUNCTION = YES;
				GCC_WARN_UNUSED_VARIABLE = YES;
				IPHONEOS_DEPLOYMENT_TARGET = 15.2;
				MTL_ENABLE_DEBUG_INFO = INCLUDE_SOURCE;
				MTL_FAST_MATH = YES;
				ONLY_ACTIVE_ARCH = YES;
				SDKROOT = iphoneos;
				SWIFT_ACTIVE_COMPILATION_CONDITIONS = DEBUG;
				SWIFT_OPTIMIZATION_LEVEL = "-Onone";
			};
			name = Debug;
		};
		7F6455FF27BD4BAF00A9E4B6 /* Release */ = {
			isa = XCBuildConfiguration;
			buildSettings = {
				ALWAYS_SEARCH_USER_PATHS = NO;
				CLANG_ANALYZER_NONNULL = YES;
				CLANG_ANALYZER_NUMBER_OBJECT_CONVERSION = YES_AGGRESSIVE;
				CLANG_CXX_LANGUAGE_STANDARD = "gnu++17";
				CLANG_CXX_LIBRARY = "libc++";
				CLANG_ENABLE_MODULES = YES;
				CLANG_ENABLE_OBJC_ARC = YES;
				CLANG_ENABLE_OBJC_WEAK = YES;
				CLANG_WARN_BLOCK_CAPTURE_AUTORELEASING = YES;
				CLANG_WARN_BOOL_CONVERSION = YES;
				CLANG_WARN_COMMA = YES;
				CLANG_WARN_CONSTANT_CONVERSION = YES;
				CLANG_WARN_DEPRECATED_OBJC_IMPLEMENTATIONS = YES;
				CLANG_WARN_DIRECT_OBJC_ISA_USAGE = YES_ERROR;
				CLANG_WARN_DOCUMENTATION_COMMENTS = YES;
				CLANG_WARN_EMPTY_BODY = YES;
				CLANG_WARN_ENUM_CONVERSION = YES;
				CLANG_WARN_INFINITE_RECURSION = YES;
				CLANG_WARN_INT_CONVERSION = YES;
				CLANG_WARN_NON_LITERAL_NULL_CONVERSION = YES;
				CLANG_WARN_OBJC_IMPLICIT_RETAIN_SELF = YES;
				CLANG_WARN_OBJC_LITERAL_CONVERSION = YES;
				CLANG_WARN_OBJC_ROOT_CLASS = YES_ERROR;
				CLANG_WARN_QUOTED_INCLUDE_IN_FRAMEWORK_HEADER = YES;
				CLANG_WARN_RANGE_LOOP_ANALYSIS = YES;
				CLANG_WARN_STRICT_PROTOTYPES = YES;
				CLANG_WARN_SUSPICIOUS_MOVE = YES;
				CLANG_WARN_UNGUARDED_AVAILABILITY = YES_AGGRESSIVE;
				CLANG_WARN_UNREACHABLE_CODE = YES;
				CLANG_WARN__DUPLICATE_METHOD_MATCH = YES;
				COPY_PHASE_STRIP = NO;
				DEBUG_INFORMATION_FORMAT = "dwarf-with-dsym";
				ENABLE_NS_ASSERTIONS = NO;
				ENABLE_STRICT_OBJC_MSGSEND = YES;
				GCC_C_LANGUAGE_STANDARD = gnu11;
				GCC_NO_COMMON_BLOCKS = YES;
				GCC_WARN_64_TO_32_BIT_CONVERSION = YES;
				GCC_WARN_ABOUT_RETURN_TYPE = YES_ERROR;
				GCC_WARN_UNDECLARED_SELECTOR = YES;
				GCC_WARN_UNINITIALIZED_AUTOS = YES_AGGRESSIVE;
				GCC_WARN_UNUSED_FUNCTION = YES;
				GCC_WARN_UNUSED_VARIABLE = YES;
				IPHONEOS_DEPLOYMENT_TARGET = 15.2;
				MTL_ENABLE_DEBUG_INFO = NO;
				MTL_FAST_MATH = YES;
				SDKROOT = iphoneos;
				SWIFT_COMPILATION_MODE = wholemodule;
				SWIFT_OPTIMIZATION_LEVEL = "-O";
				VALIDATE_PRODUCT = YES;
			};
			name = Release;
		};
		7F64560127BD4BAF00A9E4B6 /* Debug */ = {
			isa = XCBuildConfiguration;
			buildSettings = {
				ASSETCATALOG_COMPILER_APPICON_NAME = AppIcon;
				ASSETCATALOG_COMPILER_GLOBAL_ACCENT_COLOR_NAME = AccentColor;
				CODE_SIGN_STYLE = Automatic;
				CURRENT_PROJECT_VERSION = 1;
				DEVELOPMENT_ASSET_PATHS = "\"SwiftArmyKnife/Preview Content\"";
				ENABLE_PREVIEWS = YES;
				GENERATE_INFOPLIST_FILE = YES;
				INFOPLIST_KEY_UIApplicationSceneManifest_Generation = YES;
				INFOPLIST_KEY_UIApplicationSupportsIndirectInputEvents = YES;
				INFOPLIST_KEY_UILaunchScreen_Generation = YES;
				INFOPLIST_KEY_UISupportedInterfaceOrientations_iPad = "UIInterfaceOrientationPortrait UIInterfaceOrientationPortraitUpsideDown UIInterfaceOrientationLandscapeLeft UIInterfaceOrientationLandscapeRight";
				INFOPLIST_KEY_UISupportedInterfaceOrientations_iPhone = "UIInterfaceOrientationPortrait UIInterfaceOrientationLandscapeLeft UIInterfaceOrientationLandscapeRight";
				LD_RUNPATH_SEARCH_PATHS = (
					"$(inherited)",
					"@executable_path/Frameworks",
				);
				MARKETING_VERSION = 1.0;
				PRODUCT_BUNDLE_IDENTIFIER = co.zachbuff.SwiftArmyKnife;
				PRODUCT_NAME = "$(TARGET_NAME)";
				SWIFT_EMIT_LOC_STRINGS = YES;
				SWIFT_VERSION = 5.0;
				TARGETED_DEVICE_FAMILY = "1,2";
			};
			name = Debug;
		};
		7F64560227BD4BAF00A9E4B6 /* Release */ = {
			isa = XCBuildConfiguration;
			buildSettings = {
				ASSETCATALOG_COMPILER_APPICON_NAME = AppIcon;
				ASSETCATALOG_COMPILER_GLOBAL_ACCENT_COLOR_NAME = AccentColor;
				CODE_SIGN_STYLE = Automatic;
				CURRENT_PROJECT_VERSION = 1;
				DEVELOPMENT_ASSET_PATHS = "\"SwiftArmyKnife/Preview Content\"";
				ENABLE_PREVIEWS = YES;
				GENERATE_INFOPLIST_FILE = YES;
				INFOPLIST_KEY_UIApplicationSceneManifest_Generation = YES;
				INFOPLIST_KEY_UIApplicationSupportsIndirectInputEvents = YES;
				INFOPLIST_KEY_UILaunchScreen_Generation = YES;
				INFOPLIST_KEY_UISupportedInterfaceOrientations_iPad = "UIInterfaceOrientationPortrait UIInterfaceOrientationPortraitUpsideDown UIInterfaceOrientationLandscapeLeft UIInterfaceOrientationLandscapeRight";
				INFOPLIST_KEY_UISupportedInterfaceOrientations_iPhone = "UIInterfaceOrientationPortrait UIInterfaceOrientationLandscapeLeft UIInterfaceOrientationLandscapeRight";
				LD_RUNPATH_SEARCH_PATHS = (
					"$(inherited)",
					"@executable_path/Frameworks",
				);
				MARKETING_VERSION = 1.0;
				PRODUCT_BUNDLE_IDENTIFIER = co.zachbuff.SwiftArmyKnife;
				PRODUCT_NAME = "$(TARGET_NAME)";
				SWIFT_EMIT_LOC_STRINGS = YES;
				SWIFT_VERSION = 5.0;
				TARGETED_DEVICE_FAMILY = "1,2";
			};
			name = Release;
		};
/* End XCBuildConfiguration section */

/* Begin XCConfigurationList section */
		7F6455ED27BD4BAD00A9E4B6 /* Build configuration list for PBXProject "SwiftArmyKnife" */ = {
			isa = XCConfigurationList;
			buildConfigurations = (
				7F6455FE27BD4BAF00A9E4B6 /* Debug */,
				7F6455FF27BD4BAF00A9E4B6 /* Release */,
			);
			defaultConfigurationIsVisible = 0;
			defaultConfigurationName = Release;
		};
		7F64560027BD4BAF00A9E4B6 /* Build configuration list for PBXNativeTarget "SwiftArmyKnife" */ = {
			isa = XCConfigurationList;
			buildConfigurations = (
				7F64560127BD4BAF00A9E4B6 /* Debug */,
				7F64560227BD4BAF00A9E4B6 /* Release */,
			);
			defaultConfigurationIsVisible = 0;
			defaultConfigurationName = Release;
		};
/* End XCConfigurationList section */
	};
	rootObject = 7F6455EA27BD4BAD00A9E4B6 /* Project object */;
}
